
Microsoft Visual Studio Solution File, Format Version 12.00
# Visual Studio Version 17
VisualStudioVersion = 17.2.32616.157
MinimumVisualStudioVersion = 10.0.40219.1
Project("{9A19103F-16F7-4668-BE54-9A1E7A4F7556}") = "MyMemo", "MyMemo\MyMemo.csproj", "{B263BD7B-EE91-484C-A954-F78B78D9010A}"
EndProject
Global
	GlobalSection(SolutionConfigurationPlatforms) = preSolution
		Debug|Any CPU = Debug|Any CPU
		Release|Any CPU = Release|Any CPU
	EndGlobalSection
	GlobalSection(ProjectConfigurationPlatforms) = postSolution
		{B263BD7B-EE91-484C-A954-F78B78D9010A}.Debug|Any CPU.ActiveCfg = Debug|Any CPU
		{B263BD7B-EE91-484C-A954-F78B78D9010A}.Debug|Any CPU.Build.0 = Debug|Any CPU
		{B263BD7B-EE91-484C-A954-F78B78D9010A}.Release|Any CPU.ActiveCfg = Release|Any CPU
		{B263BD7B-EE91-484C-A954-F78B78D9010A}.Release|Any CPU.Build.0 = Release|Any CPU
	EndGlobalSection
	GlobalSection(SolutionProperties) = preSolution
		HideSolutionNode = FALSE
	EndGlobalSection
	GlobalSection(ExtensibilityGlobals) = postSolution
		SolutionGuid = {15BF3573-99CF-4782-A5AB-748EABAE4ED1}
	EndGlobalSection
EndGlobal
